speakeasyVersion: 1.314.2
sources:
    openapi:
        sourceNamespace: openapi
        sourceRevisionDigest: sha256:b84e4a44696672739e6d434a22ea5e9bc207c9b6cbe43f2d06b5c33ae051564e
        sourceBlobDigest: sha256:b21c9e6cf3fb1e1427ed78285f20d49a4b720313b7dd59ab24f3e0dfd87a9a3f
        tags:
            - latest
            - main
targets:
    styra-terraform:
        source: openapi
        sourceNamespace: openapi
        sourceRevisionDigest: sha256:b84e4a44696672739e6d434a22ea5e9bc207c9b6cbe43f2d06b5c33ae051564e
        sourceBlobDigest: sha256:b21c9e6cf3fb1e1427ed78285f20d49a4b720313b7dd59ab24f3e0dfd87a9a3f
        outLocation: /github/workspace/repo
workflow:
    workflowVersion: 1.0.0
    speakeasyVersion: latest
    sources:
        openapi:
            inputs:
                - location: openapi.yaml
            overlays:
                - location: styra_overlay.yaml
            registry:
                location: registry.speakeasyapi.dev/styra/styra/openapi
    targets:
        styra-terraform:
            target: terraform
            source: openapi
