speakeasyVersion: 1.300.0
sources:
    openapi:
        sourceNamespace: openapi
        sourceRevisionDigest: sha256:d7b12e5d621e99f24d2791a40aecdeda2c179cf559f631f555eaecb527ac0453
        sourceBlobDigest: sha256:da59f5d3e47427bc1b22fcb8e0ade90e4241fff672454fd47c56656026c28fe0
        tags:
            - latest
            - main
targets:
    styra-terraform:
        source: openapi
        sourceNamespace: openapi
        sourceRevisionDigest: sha256:d7b12e5d621e99f24d2791a40aecdeda2c179cf559f631f555eaecb527ac0453
        sourceBlobDigest: sha256:da59f5d3e47427bc1b22fcb8e0ade90e4241fff672454fd47c56656026c28fe0
        outLocation: /github/workspace/repo
workflow:
    workflowVersion: 1.0.0
    speakeasyVersion: latest
    sources:
        openapi:
            inputs:
                - location: openapi.yaml
            overlays:
                - location: styra_overlay.yaml
            registry:
                location: registry.speakeasyapi.dev/styra/styra/openapi
    targets:
        styra-terraform:
            target: terraform
            source: openapi
